# This file is autogenerated, do not edit; changes may be undone by the next 'dep ensure'.


[[projects]]
  branch = "master"
  digest = "1:10eead28c93f58b281c9721ef6200875dad16ca9032d227490f58082cb5d1853"
  name = "github.com/btcsuite/btcd"
  packages = [
    "btcec",
    "chaincfg",
    "chaincfg/chainhash",
    "wire",
  ]
  pruneopts = "UT"
  revision = "86fed781132ac890ee03e906e4ecd5d6fa180c64"

[[projects]]
  branch = "master"
  digest = "1:5be1c66caeb03381e4e7322eddfc0b06b26991ddba3ad39e009ccf67c20dfb18"
  name = "github.com/btcsuite/btcutil"
  packages = [
    ".",
    "base58",
    "bech32",
    "hdkeychain",
  ]
  pruneopts = "UT"
  revision = "d4cc87b860166d00d6b5b9e0d3b3d71d6088d4d4"

[[projects]]
  branch = "master"
  digest = "1:e8a3550c8786316675ff54ad6f09d265d129c9d986919af7f541afba50d87ce2"
  name = "github.com/tyler-smith/go-bip39"
  packages = ["."]
  pruneopts = "UT"
  revision = "52158e4697b87de16ed390e1bdaf813e581008fa"

[[projects]]
  branch = "master"
  digest = "1:ba3904b7f7c24e16b537a584247d9e13d8e9822a8a976f91c3bfd70245ecfd58"
  name = "golang.org/x/crypto"
  packages = [
    "pbkdf2",
    "ripemd160",
  ]
  pruneopts = "UT"
  revision = "a49355c7e3f8fe157a85be2f77e6e269a0f89602"

[solve-meta]
  analyzer-name = "dep"
  analyzer-version = 1
  input-imports = [
    "github.com/btcsuite/btcd/chaincfg",
    "github.com/btcsuite/btcutil/hdkeychain",
    "github.com/tyler-smith/go-bip39",
  ]
  solver-name = "gps-cdcl"
  solver-version = 1
